
Microsoft Visual Studio Solution File, Format Version 12.00
# Visual Studio 15
VisualStudioVersion = 15.0.28307.329
MinimumVisualStudioVersion = 10.0.40219.1
Project("{9A19103F-16F7-4668-BE54-9A1E7A4F7556}") = "MBMLCommon", "src\MBMLCommon\MBMLCommon.csproj", "{2397474F-B9A0-4BAD-8AD6-2F75DAB70A51}"
EndProject
Project("{9A19103F-16F7-4668-BE54-9A1E7A4F7556}") = "MBMLViews", "src\MBMLViews\MBMLViews.csproj", "{16F77D13-87A8-45C6-AD81-CB45A797081B}"
EndProject
Project("{9A19103F-16F7-4668-BE54-9A1E7A4F7556}") = "AssessingPeoplesSkills", "src\2. Assessing Peoples Skills\AssessingPeoplesSkills.csproj", "{584EF462-0287-4DB1-8FA7-67A170F6C8B2}"
EndProject
Project("{9A19103F-16F7-4668-BE54-9A1E7A4F7556}") = "MBMLViews.Tests", "test\MBMLViews.Tests\MBMLViews.Tests.csproj", "{2402F2AA-2F18-4C3E-B6D8-1B56A0A60138}"
EndProject
Project("{9A19103F-16F7-4668-BE54-9A1E7A4F7556}") = "MurderMystery", "src\1. A Murder Mystery\MurderMystery.csproj", "{E73F2F5B-C8C9-46FD-8207-072440501CB8}"
EndProject
Project("{9A19103F-16F7-4668-BE54-9A1E7A4F7556}") = "MeetingYourMatch", "src\3. Meeting Your Match\MeetingYourMatch.csproj", "{6CC22A8B-1AFB-48EF-A54F-06455BF3ED98}"
EndProject
Project("{9A19103F-16F7-4668-BE54-9A1E7A4F7556}") = "UnclutteringYourInbox", "src\4. Uncluttering Your Inbox\UnclutteringYourInbox.csproj", "{002A958B-4ED2-4E45-8DF8-3CA283A573B7}"
EndProject
Project("{9A19103F-16F7-4668-BE54-9A1E7A4F7556}") = "MakingRecommendations", "src\5. Making Recommendations\MakingRecommendations.csproj", "{998810E8-E9EA-4930-9160-C34FF78C1B75}"
EndProject
Project("{9A19103F-16F7-4668-BE54-9A1E7A4F7556}") = "UnderstandingAsthma", "src\6. Understanding Asthma\UnderstandingAsthma.csproj", "{66E05F45-47DD-4A4B-8FAD-563AC5ADC6C7}"
EndProject
Project("{9A19103F-16F7-4668-BE54-9A1E7A4F7556}") = "HarnessingTheCrowd", "src\7. Harnessing the Crowd\HarnessingTheCrowd.csproj", "{6C1AA594-18B5-4131-B5C7-F5CF78A01D29}"
EndProject
Global
	GlobalSection(SolutionConfigurationPlatforms) = preSolution
		Debug|Any CPU = Debug|Any CPU
		Release|Any CPU = Release|Any CPU
	EndGlobalSection
	GlobalSection(ProjectConfigurationPlatforms) = postSolution
		{2397474F-B9A0-4BAD-8AD6-2F75DAB70A51}.Debug|Any CPU.ActiveCfg = Debug|Any CPU
		{2397474F-B9A0-4BAD-8AD6-2F75DAB70A51}.Debug|Any CPU.Build.0 = Debug|Any CPU
		{2397474F-B9A0-4BAD-8AD6-2F75DAB70A51}.Release|Any CPU.ActiveCfg = Release|Any CPU
		{2397474F-B9A0-4BAD-8AD6-2F75DAB70A51}.Release|Any CPU.Build.0 = Release|Any CPU
		{16F77D13-87A8-45C6-AD81-CB45A797081B}.Debug|Any CPU.ActiveCfg = Debug|Any CPU
		{16F77D13-87A8-45C6-AD81-CB45A797081B}.Debug|Any CPU.Build.0 = Debug|Any CPU
		{16F77D13-87A8-45C6-AD81-CB45A797081B}.Release|Any CPU.ActiveCfg = Release|Any CPU
		{16F77D13-87A8-45C6-AD81-CB45A797081B}.Release|Any CPU.Build.0 = Release|Any CPU
		{584EF462-0287-4DB1-8FA7-67A170F6C8B2}.Debug|Any CPU.ActiveCfg = Debug|Any CPU
		{584EF462-0287-4DB1-8FA7-67A170F6C8B2}.Debug|Any CPU.Build.0 = Debug|Any CPU
		{584EF462-0287-4DB1-8FA7-67A170F6C8B2}.Release|Any CPU.ActiveCfg = Release|Any CPU
		{584EF462-0287-4DB1-8FA7-67A170F6C8B2}.Release|Any CPU.Build.0 = Release|Any CPU
		{2402F2AA-2F18-4C3E-B6D8-1B56A0A60138}.Debug|Any CPU.ActiveCfg = Debug|Any CPU
		{2402F2AA-2F18-4C3E-B6D8-1B56A0A60138}.Debug|Any CPU.Build.0 = Debug|Any CPU
		{2402F2AA-2F18-4C3E-B6D8-1B56A0A60138}.Release|Any CPU.ActiveCfg = Release|Any CPU
		{2402F2AA-2F18-4C3E-B6D8-1B56A0A60138}.Release|Any CPU.Build.0 = Release|Any CPU
		{E73F2F5B-C8C9-46FD-8207-072440501CB8}.Debug|Any CPU.ActiveCfg = Debug|Any CPU
		{E73F2F5B-C8C9-46FD-8207-072440501CB8}.Debug|Any CPU.Build.0 = Debug|Any CPU
		{E73F2F5B-C8C9-46FD-8207-072440501CB8}.Release|Any CPU.ActiveCfg = Release|Any CPU
		{E73F2F5B-C8C9-46FD-8207-072440501CB8}.Release|Any CPU.Build.0 = Release|Any CPU
		{6CC22A8B-1AFB-48EF-A54F-06455BF3ED98}.Debug|Any CPU.ActiveCfg = Debug|Any CPU
		{6CC22A8B-1AFB-48EF-A54F-06455BF3ED98}.Debug|Any CPU.Build.0 = Debug|Any CPU
		{6CC22A8B-1AFB-48EF-A54F-06455BF3ED98}.Release|Any CPU.ActiveCfg = Release|Any CPU
		{6CC22A8B-1AFB-48EF-A54F-06455BF3ED98}.Release|Any CPU.Build.0 = Release|Any CPU
		{002A958B-4ED2-4E45-8DF8-3CA283A573B7}.Debug|Any CPU.ActiveCfg = Debug|Any CPU
		{002A958B-4ED2-4E45-8DF8-3CA283A573B7}.Debug|Any CPU.Build.0 = Debug|Any CPU
		{002A958B-4ED2-4E45-8DF8-3CA283A573B7}.Release|Any CPU.ActiveCfg = Release|Any CPU
		{002A958B-4ED2-4E45-8DF8-3CA283A573B7}.Release|Any CPU.Build.0 = Release|Any CPU
		{998810E8-E9EA-4930-9160-C34FF78C1B75}.Debug|Any CPU.ActiveCfg = Debug|Any CPU
		{998810E8-E9EA-4930-9160-C34FF78C1B75}.Debug|Any CPU.Build.0 = Debug|Any CPU
		{998810E8-E9EA-4930-9160-C34FF78C1B75}.Release|Any CPU.ActiveCfg = Release|Any CPU
		{998810E8-E9EA-4930-9160-C34FF78C1B75}.Release|Any CPU.Build.0 = Release|Any CPU
		{66E05F45-47DD-4A4B-8FAD-563AC5ADC6C7}.Debug|Any CPU.ActiveCfg = Debug|Any CPU
		{66E05F45-47DD-4A4B-8FAD-563AC5ADC6C7}.Debug|Any CPU.Build.0 = Debug|Any CPU
		{66E05F45-47DD-4A4B-8FAD-563AC5ADC6C7}.Release|Any CPU.ActiveCfg = Release|Any CPU
		{66E05F45-47DD-4A4B-8FAD-563AC5ADC6C7}.Release|Any CPU.Build.0 = Release|Any CPU
		{6C1AA594-18B5-4131-B5C7-F5CF78A01D29}.Debug|Any CPU.ActiveCfg = Debug|Any CPU
		{6C1AA594-18B5-4131-B5C7-F5CF78A01D29}.Debug|Any CPU.Build.0 = Debug|Any CPU
		{6C1AA594-18B5-4131-B5C7-F5CF78A01D29}.Release|Any CPU.ActiveCfg = Release|Any CPU
		{6C1AA594-18B5-4131-B5C7-F5CF78A01D29}.Release|Any CPU.Build.0 = Release|Any CPU
	EndGlobalSection
	GlobalSection(SolutionProperties) = preSolution
		HideSolutionNode = FALSE
	EndGlobalSection
	GlobalSection(ExtensibilityGlobals) = postSolution
		SolutionGuid = {D8E9C83E-D036-440B-B3DF-369C582212BA}
	EndGlobalSection
EndGlobal
